
Microsoft Visual Studio Solution File, Format Version 12.00
# Visual Studio 15
VisualStudioVersion = 15.0.27130.2024
MinimumVisualStudioVersion = 10.0.40219.1
Project("{FAE04EC0-301F-11D3-BF4B-00C04F79EFBC}") = "OnlineLMS", "OnlineLMS\OnlineLMS.csproj", "{8FB5E1DD-D805-4AFD-A7A1-5041CE040BC8}"
EndProject
Global
	GlobalSection(SolutionConfigurationPlatforms) = preSolution
		Debug|Any CPU = Debug|Any CPU
		Release|Any CPU = Release|Any CPU
	EndGlobalSection
	GlobalSection(ProjectConfigurationPlatforms) = postSolution
		{8FB5E1DD-D805-4AFD-A7A1-5041CE040BC8}.Debug|Any CPU.ActiveCfg = Debug|Any CPU
		{8FB5E1DD-D805-4AFD-A7A1-5041CE040BC8}.Debug|Any CPU.Build.0 = Debug|Any CPU
		{8FB5E1DD-D805-4AFD-A7A1-5041CE040BC8}.Release|Any CPU.ActiveCfg = Release|Any CPU
		{8FB5E1DD-D805-4AFD-A7A1-5041CE040BC8}.Release|Any CPU.Build.0 = Release|Any CPU
	EndGlobalSection
	GlobalSection(SolutionProperties) = preSolution
		HideSolutionNode = FALSE
	EndGlobalSection
	GlobalSection(ExtensibilityGlobals) = postSolution
		SolutionGuid = {12B38388-2A12-4518-98BD-2539ECAC8370}
	EndGlobalSection
EndGlobal
